// !$*UTF8*$!
{
	archiveVersion = 1;
	classes = {
	};
	objectVersion = 77;
	objects = {

/* Begin PBXBuildFile section */
		02A1ED470862FE64FB17D6A5 /* Platform.swift in Sources */ = {isa = PBXBuildFile; fileRef = 66985D4EC6F11322A8DB8306 /* Platform.swift */; };
		04D2CB040080EA9613C8A375 /* PhotoLibraryService.swift in Sources */ = {isa = PBXBuildFile; fileRef = C936CEB8131E36288FBA0D48 /* PhotoLibraryService.swift */; };
		05B5174427AEF3A752FB2DBF /* StartPickerView.swift in Sources */ = {isa = PBXBuildFile; fileRef = B09DEEE0AC608896784C7F9E /* StartPickerView.swift */; };
		06DFC788BAF6D1BA8F61491D /* AssetMediaView.swift in Sources */ = {isa = PBXBuildFile; fileRef = EB92C050E5A0342D53AC99DA /* AssetMediaView.swift */; };
		0D00215E9FD306BE148F97CA /* AppModel.swift in Sources */ = {isa = PBXBuildFile; fileRef = 61FB5F5F985146B01F026F3A /* AppModel.swift */; };
		0E9494C623C5B09024091871 /* SwipeDecision.swift in Sources */ = {isa = PBXBuildFile; fileRef = 21FB4170367D7ABCDAC0066E /* SwipeDecision.swift */; };
		0F1D2D6AC6C94CDD60187FFF /* StartPickerView.swift in Sources */ = {isa = PBXBuildFile; fileRef = B09DEEE0AC608896784C7F9E /* StartPickerView.swift */; };
		127FB5E1E90E171F004871BD /* SessionStore.swift in Sources */ = {isa = PBXBuildFile; fileRef = 5474283F3428A323C8136A87 /* SessionStore.swift */; };
		1BBB0D70412A5C1396DB8A00 /* PhotoSwipeApp.swift in Sources */ = {isa = PBXBuildFile; fileRef = 4DD4BFCFA42E704998845D5E /* PhotoSwipeApp.swift */; };
		1CF52CD671085689A678DA43 /* PhotoSwipeUITests.swift in Sources */ = {isa = PBXBuildFile; fileRef = 6BB98F4D306E1E291D5AB55C /* PhotoSwipeUITests.swift */; };
		26195EC7A5EACBEE477AA53A /* PlayerLayerView.swift in Sources */ = {isa = PBXBuildFile; fileRef = C45F06C971A7AAB687CA6F21 /* PlayerLayerView.swift */; };
		27AF102C6874CB957FB1BF04 /* SwipeDecision.swift in Sources */ = {isa = PBXBuildFile; fileRef = 21FB4170367D7ABCDAC0066E /* SwipeDecision.swift */; };
		2FE8A04DA883DBCE6FCDA9EA /* AppModel.swift in Sources */ = {isa = PBXBuildFile; fileRef = 61FB5F5F985146B01F026F3A /* AppModel.swift */; };
		32B1980FBF2DCA2E34F6B653 /* BurstInfo.swift in Sources */ = {isa = PBXBuildFile; fileRef = 655C7317CEC112155B4E2B90 /* BurstInfo.swift */; };
		32C53B1EC12609A84201115A /* Theme.swift in Sources */ = {isa = PBXBuildFile; fileRef = EB5D5815C2A0248D0906156C /* Theme.swift */; };
		485311E8F87ACD436A22CD47 /* Assets.xcassets in Resources */ = {isa = PBXBuildFile; fileRef = 9C8CF1D1165DEA0C4119F99A /* Assets.xcassets */; };
		486ABA77ECD6BA2F1CF61784 /* Theme.swift in Sources */ = {isa = PBXBuildFile; fileRef = EB5D5815C2A0248D0906156C /* Theme.swift */; };
		4C0AD7D7939181D809D622AB /* AssetImageView.swift in Sources */ = {isa = PBXBuildFile; fileRef = 44286A256D441945B90A0715 /* AssetImageView.swift */; };
		4DB8071921161ECCF4DB525F /* PlayerLayerView.swift in Sources */ = {isa = PBXBuildFile; fileRef = C45F06C971A7AAB687CA6F21 /* PlayerLayerView.swift */; };
		5DF07DB3B9C2F7466DD0E3D7 /* HomeView.swift in Sources */ = {isa = PBXBuildFile; fileRef = EF6254369E6996E668E46E9F /* HomeView.swift */; };
		61337FCB02745F56837E5EA7 /* SwipeSession.swift in Sources */ = {isa = PBXBuildFile; fileRef = 0A2EBAE040F1433A5451B0D8 /* SwipeSession.swift */; };
		66A0994947D469BB9A585C06 /* SessionStoreTests.swift in Sources */ = {isa = PBXBuildFile; fileRef = 0D5A466D688C56DC216FD9F2 /* SessionStoreTests.swift */; };
		70D0A3F5A5C755964C9EE34E /* HomeView.swift in Sources */ = {isa = PBXBuildFile; fileRef = EF6254369E6996E668E46E9F /* HomeView.swift */; };
		74D5AAE8467744EB7A0D5466 /* ReviewView.swift in Sources */ = {isa = PBXBuildFile; fileRef = C65C2619600F34DE42EBFF7E /* ReviewView.swift */; };
		786AFDDC76258202A2E0AC90 /* SwipeView.swift in Sources */ = {isa = PBXBuildFile; fileRef = FDB89DCA1E9A0E6A26E16BD0 /* SwipeView.swift */; };
		7CABA4B824B2F920A6F099F5 /* Assets.xcassets in Resources */ = {isa = PBXBuildFile; fileRef = DD98D30CA185F96F716C8E7D /* Assets.xcassets */; };
		7F453079C9F3C188C941D939 /* VideoControlsView.swift in Sources */ = {isa = PBXBuildFile; fileRef = A6A55F67127F54B51C6DEFD3 /* VideoControlsView.swift */; };
		8B2EF0DFB907C210D0743DE3 /* SessionStore.swift in Sources */ = {isa = PBXBuildFile; fileRef = 5474283F3428A323C8136A87 /* SessionStore.swift */; };
		9BBF40EE3659F87325AD577F /* PhotoLibraryService.swift in Sources */ = {isa = PBXBuildFile; fileRef = C936CEB8131E36288FBA0D48 /* PhotoLibraryService.swift */; };
		B96924C9A6A6AC63C478D29B /* AppVersion.swift in Sources */ = {isa = PBXBuildFile; fileRef = 2C0E60C175CEEA6CDC07ED42 /* AppVersion.swift */; };
		BD43415B31025660B56A4840 /* AppVersionTests.swift in Sources */ = {isa = PBXBuildFile; fileRef = D4C5526E93EC53CC01259D07 /* AppVersionTests.swift */; };
		BFD87DDD48F555D72268EEFD /* VideoControlsView.swift in Sources */ = {isa = PBXBuildFile; fileRef = A6A55F67127F54B51C6DEFD3 /* VideoControlsView.swift */; };
		C38D61D2003312AF94BF91CD /* Platform.swift in Sources */ = {isa = PBXBuildFile; fileRef = 66985D4EC6F11322A8DB8306 /* Platform.swift */; };
		C70E56E134164EB277EA7C62 /* AssetImageView.swift in Sources */ = {isa = PBXBuildFile; fileRef = 44286A256D441945B90A0715 /* AssetImageView.swift */; };
		CA3D68CA5262609EF3CB749F /* ReviewView.swift in Sources */ = {isa = PBXBuildFile; fileRef = C65C2619600F34DE42EBFF7E /* ReviewView.swift */; };
		CBFA00FEA42BA8A246D6D44A /* AssetVideoPlayer.swift in Sources */ = {isa = PBXBuildFile; fileRef = 6B5A7F13D68CE098493F3890 /* AssetVideoPlayer.swift */; };
		CD00CAA8C99ACB459507AA0F /* UpdateChecker.swift in Sources */ = {isa = PBXBuildFile; fileRef = D27B89B2C40C2F73338D0480 /* UpdateChecker.swift */; };
		CE2724B70EAF094BA4C7BAB5 /* AssetImageLoader.swift in Sources */ = {isa = PBXBuildFile; fileRef = A7CC3B98E19F1C00B601C3BD /* AssetImageLoader.swift */; };
		D2089997499CFB7893960CA1 /* AssetVideoPlayer.swift in Sources */ = {isa = PBXBuildFile; fileRef = 6B5A7F13D68CE098493F3890 /* AssetVideoPlayer.swift */; };
		D6DB842353F6F7CA9B935087 /* SwipeSessionTests.swift in Sources */ = {isa = PBXBuildFile; fileRef = 276987977DAC0D01A4F76DD8 /* SwipeSessionTests.swift */; };
		D8A8485572792AC9577DA524 /* SwipeSession.swift in Sources */ = {isa = PBXBuildFile; fileRef = 0A2EBAE040F1433A5451B0D8 /* SwipeSession.swift */; };
		DC5073F1049691721FE53932 /* AssetImageLoader.swift in Sources */ = {isa = PBXBuildFile; fileRef = A7CC3B98E19F1C00B601C3BD /* AssetImageLoader.swift */; };
		E2A3515442A0DE43C65D2B13 /* PhotoSwipeApp.swift in Sources */ = {isa = PBXBuildFile; fileRef = 4DD4BFCFA42E704998845D5E /* PhotoSwipeApp.swift */; };
		ECC2C6B6A2532711208EFFDC /* AssetMediaView.swift in Sources */ = {isa = PBXBuildFile; fileRef = EB92C050E5A0342D53AC99DA /* AssetMediaView.swift */; };
		F030DB111470CB5A8E880801 /* AppVersion.swift in Sources */ = {isa = PBXBuildFile; fileRef = 2C0E60C175CEEA6CDC07ED42 /* AppVersion.swift */; };
		F06EEAD4C4ED7E60946C8102 /* SwipeView.swift in Sources */ = {isa = PBXBuildFile; fileRef = FDB89DCA1E9A0E6A26E16BD0 /* SwipeView.swift */; };
		F38A4CAD3A740E2CAA71852E /* BurstInfo.swift in Sources */ = {isa = PBXBuildFile; fileRef = 655C7317CEC112155B4E2B90 /* BurstInfo.swift */; };
		FC36357FEA4D3323C3BFF87B /* BurstInfoTests.swift in Sources */ = {isa = PBXBuildFile; fileRef = EC4993DFF75F1841F7133CAB /* BurstInfoTests.swift */; };
/* End PBXBuildFile section */

/* Begin PBXContainerItemProxy section */
		4546C51DFBC3B39D10ACB371 /* PBXContainerItemProxy */ = {
			isa = PBXContainerItemProxy;
			containerPortal = 3DD724C54FDA23DFE126177A /* Project object */;
			proxyType = 1;
			remoteGlobalIDString = 24F5DFBDA8E50776AC53BBB1;
			remoteInfo = PhotoSwipe;
		};
		8E91A18FB830D994CC0690E8 /* PBXContainerItemProxy */ = {
			isa = PBXContainerItemProxy;
			containerPortal = 3DD724C54FDA23DFE126177A /* Project object */;
			proxyType = 1;
			remoteGlobalIDString = 24F5DFBDA8E50776AC53BBB1;
			remoteInfo = PhotoSwipe;
		};
/* End PBXContainerItemProxy section */

/* Begin PBXFileReference section */
		03AB91CD9F66CD48272AEF3F /* Info.plist */ = {isa = PBXFileReference; lastKnownFileType = text.plist; path = Info.plist; sourceTree = "<group>"; };
		0A2EBAE040F1433A5451B0D8 /* SwipeSession.swift */ = {isa = PBXFileReference; lastKnownFileType = sourcecode.swift; path = SwipeSession.swift; sourceTree = "<group>"; };
		0D5A466D688C56DC216FD9F2 /* SessionStoreTests.swift */ = {isa = PBXFileReference; lastKnownFileType = sourcecode.swift; path = SessionStoreTests.swift; sourceTree = "<group>"; };
		1BE01F83ED0C1A08D871DF54 /* PhotoSwipeTests.xctest */ = {isa = PBXFileReference; includeInIndex = 0; lastKnownFileType = wrapper.cfbundle; path = PhotoSwipeTests.xctest; sourceTree = BUILT_PRODUCTS_DIR; };
		21FB4170367D7ABCDAC0066E /* SwipeDecision.swift */ = {isa = PBXFileReference; lastKnownFileType = sourcecode.swift; path = SwipeDecision.swift; sourceTree = "<group>"; };
		276987977DAC0D01A4F76DD8 /* SwipeSessionTests.swift */ = {isa = PBXFileReference; lastKnownFileType = sourcecode.swift; path = SwipeSessionTests.swift; sourceTree = "<group>"; };
		2981107A74443087108E74FA /* PhotoSwipe.app */ = {isa = PBXFileReference; includeInIndex = 0; lastKnownFileType = wrapper.application; path = PhotoSwipe.app; sourceTree = BUILT_PRODUCTS_DIR; };
		2C0E60C175CEEA6CDC07ED42 /* AppVersion.swift */ = {isa = PBXFileReference; lastKnownFileType = sourcecode.swift; path = AppVersion.swift; sourceTree = "<group>"; };
		44286A256D441945B90A0715 /* AssetImageView.swift */ = {isa = PBXFileReference; lastKnownFileType = sourcecode.swift; path = AssetImageView.swift; sourceTree = "<group>"; };
		4DD4BFCFA42E704998845D5E /* PhotoSwipeApp.swift */ = {isa = PBXFileReference; lastKnownFileType = sourcecode.swift; path = PhotoSwipeApp.swift; sourceTree = "<group>"; };
		5474283F3428A323C8136A87 /* SessionStore.swift */ = {isa = PBXFileReference; lastKnownFileType = sourcecode.swift; path = SessionStore.swift; sourceTree = "<group>"; };
		61FB5F5F985146B01F026F3A /* AppModel.swift */ = {isa = PBXFileReference; lastKnownFileType = sourcecode.swift; path = AppModel.swift; sourceTree = "<group>"; };
		655C7317CEC112155B4E2B90 /* BurstInfo.swift */ = {isa = PBXFileReference; lastKnownFileType = sourcecode.swift; path = BurstInfo.swift; sourceTree = "<group>"; };
		66985D4EC6F11322A8DB8306 /* Platform.swift */ = {isa = PBXFileReference; lastKnownFileType = sourcecode.swift; path = Platform.swift; sourceTree = "<group>"; };
		6B5A7F13D68CE098493F3890 /* AssetVideoPlayer.swift */ = {isa = PBXFileReference; lastKnownFileType = sourcecode.swift; path = AssetVideoPlayer.swift; sourceTree = "<group>"; };
		6BB98F4D306E1E291D5AB55C /* PhotoSwipeUITests.swift */ = {isa = PBXFileReference; lastKnownFileType = sourcecode.swift; path = PhotoSwipeUITests.swift; sourceTree = "<group>"; };
		81811C5BE8682B3D2C31E463 /* Info.plist */ = {isa = PBXFileReference; lastKnownFileType = text.plist; path = Info.plist; sourceTree = "<group>"; };
		880E8A73FCAA89BB0F0784C3 /* PhotoSwipeUITests.xctest */ = {isa = PBXFileReference; includeInIndex = 0; lastKnownFileType = wrapper.cfbundle; path = PhotoSwipeUITests.xctest; sourceTree = BUILT_PRODUCTS_DIR; };
		9C8CF1D1165DEA0C4119F99A /* Assets.xcassets */ = {isa = PBXFileReference; lastKnownFileType = folder.assetcatalog; path = Assets.xcassets; sourceTree = "<group>"; };
		A6A55F67127F54B51C6DEFD3 /* VideoControlsView.swift */ = {isa = PBXFileReference; lastKnownFileType = sourcecode.swift; path = VideoControlsView.swift; sourceTree = "<group>"; };
		A7CC3B98E19F1C00B601C3BD /* AssetImageLoader.swift */ = {isa = PBXFileReference; lastKnownFileType = sourcecode.swift; path = AssetImageLoader.swift; sourceTree = "<group>"; };
		B09DEEE0AC608896784C7F9E /* StartPickerView.swift */ = {isa = PBXFileReference; lastKnownFileType = sourcecode.swift; path = StartPickerView.swift; sourceTree = "<group>"; };
		C45F06C971A7AAB687CA6F21 /* PlayerLayerView.swift */ = {isa = PBXFileReference; lastKnownFileType = sourcecode.swift; path = PlayerLayerView.swift; sourceTree = "<group>"; };
		C65C2619600F34DE42EBFF7E /* ReviewView.swift */ = {isa = PBXFileReference; lastKnownFileType = sourcecode.swift; path = ReviewView.swift; sourceTree = "<group>"; };
		C936CEB8131E36288FBA0D48 /* PhotoLibraryService.swift */ = {isa = PBXFileReference; lastKnownFileType = sourcecode.swift; path = PhotoLibraryService.swift; sourceTree = "<group>"; };
		D27B89B2C40C2F73338D0480 /* UpdateChecker.swift */ = {isa = PBXFileReference; lastKnownFileType = sourcecode.swift; path = UpdateChecker.swift; sourceTree = "<group>"; };
		D4C5526E93EC53CC01259D07 /* AppVersionTests.swift */ = {isa = PBXFileReference; lastKnownFileType = sourcecode.swift; path = AppVersionTests.swift; sourceTree = "<group>"; };
		DD98D30CA185F96F716C8E7D /* Assets.xcassets */ = {isa = PBXFileReference; lastKnownFileType = folder.assetcatalog; path = Assets.xcassets; sourceTree = "<group>"; };
		EACF1C407BEFEE7A9485AD45 /* PhotoSwipeMac.app */ = {isa = PBXFileReference; explicitFileType = wrapper.application; includeInIndex = 0; path = PhotoSwipeMac.app; sourceTree = BUILT_PRODUCTS_DIR; };
		EB5D5815C2A0248D0906156C /* Theme.swift */ = {isa = PBXFileReference; lastKnownFileType = sourcecode.swift; path = Theme.swift; sourceTree = "<group>"; };
		EB92C050E5A0342D53AC99DA /* AssetMediaView.swift */ = {isa = PBXFileReference; lastKnownFileType = sourcecode.swift; path = AssetMediaView.swift; sourceTree = "<group>"; };
		EC4993DFF75F1841F7133CAB /* BurstInfoTests.swift */ = {isa = PBXFileReference; lastKnownFileType = sourcecode.swift; path = BurstInfoTests.swift; sourceTree = "<group>"; };
		EF6254369E6996E668E46E9F /* HomeView.swift */ = {isa = PBXFileReference; lastKnownFileType = sourcecode.swift; path = HomeView.swift; sourceTree = "<group>"; };
		FAF730E888FD1CFAD24BEC0A /* PhotoSwipeMac.entitlements */ = {isa = PBXFileReference; lastKnownFileType = text.plist.entitlements; path = PhotoSwipeMac.entitlements; sourceTree = "<group>"; };
		FDB89DCA1E9A0E6A26E16BD0 /* SwipeView.swift */ = {isa = PBXFileReference; lastKnownFileType = sourcecode.swift; path = SwipeView.swift; sourceTree = "<group>"; };
/* End PBXFileReference section */

/* Begin PBXGroup section */
		00642D981975E754B3559990 /* Views */ = {
			isa = PBXGroup;
			children = (
				44286A256D441945B90A0715 /* AssetImageView.swift */,
				EB92C050E5A0342D53AC99DA /* AssetMediaView.swift */,
				EF6254369E6996E668E46E9F /* HomeView.swift */,
				C45F06C971A7AAB687CA6F21 /* PlayerLayerView.swift */,
				C65C2619600F34DE42EBFF7E /* ReviewView.swift */,
				B09DEEE0AC608896784C7F9E /* StartPickerView.swift */,
				FDB89DCA1E9A0E6A26E16BD0 /* SwipeView.swift */,
				EB5D5815C2A0248D0906156C /* Theme.swift */,
				A6A55F67127F54B51C6DEFD3 /* VideoControlsView.swift */,
			);
			path = Views;
			sourceTree = "<group>";
		};
		022DDA5F326FC76D896A6429 /* App */ = {
			isa = PBXGroup;
			children = (
				61FB5F5F985146B01F026F3A /* AppModel.swift */,
				4DD4BFCFA42E704998845D5E /* PhotoSwipeApp.swift */,
				66985D4EC6F11322A8DB8306 /* Platform.swift */,
			);
			path = App;
			sourceTree = "<group>";
		};
		12749D662632933413F0BA6D /* PhotoSwipeMac */ = {
			isa = PBXGroup;
			children = (
				DD98D30CA185F96F716C8E7D /* Assets.xcassets */,
				81811C5BE8682B3D2C31E463 /* Info.plist */,
				FAF730E888FD1CFAD24BEC0A /* PhotoSwipeMac.entitlements */,
				D27B89B2C40C2F73338D0480 /* UpdateChecker.swift */,
			);
			path = PhotoSwipeMac;
			sourceTree = "<group>";
		};
		76BBF63374BA9031FECB536B /* Resources */ = {
			isa = PBXGroup;
			children = (
				9C8CF1D1165DEA0C4119F99A /* Assets.xcassets */,
				03AB91CD9F66CD48272AEF3F /* Info.plist */,
			);
			path = Resources;
			sourceTree = "<group>";
		};
		9B925B1AEDACC90072F64FBC /* PhotoSwipe */ = {
			isa = PBXGroup;
			children = (
				022DDA5F326FC76D896A6429 /* App */,
				B1182CEF30E7DB3E3E9E1E60 /* Models */,
				76BBF63374BA9031FECB536B /* Resources */,
				E79EAACDAEB716487F29CC79 /* Services */,
				00642D981975E754B3559990 /* Views */,
			);
			path = PhotoSwipe;
			sourceTree = "<group>";
		};
		AD84336B9B40C589EAEBC35F = {
			isa = PBXGroup;
			children = (
				9B925B1AEDACC90072F64FBC /* PhotoSwipe */,
				12749D662632933413F0BA6D /* PhotoSwipeMac */,
				CD1D75C70F2B2119149B50C9 /* PhotoSwipeTests */,
				F0FCDECE3AE15E58A5668991 /* PhotoSwipeUITests */,
				EA90F5E966AD4112BE5588AD /* Products */,
			);
			sourceTree = "<group>";
		};
		B1182CEF30E7DB3E3E9E1E60 /* Models */ = {
			isa = PBXGroup;
			children = (
				2C0E60C175CEEA6CDC07ED42 /* AppVersion.swift */,
				655C7317CEC112155B4E2B90 /* BurstInfo.swift */,
				21FB4170367D7ABCDAC0066E /* SwipeDecision.swift */,
				0A2EBAE040F1433A5451B0D8 /* SwipeSession.swift */,
			);
			path = Models;
			sourceTree = "<group>";
		};
		CD1D75C70F2B2119149B50C9 /* PhotoSwipeTests */ = {
			isa = PBXGroup;
			children = (
				D4C5526E93EC53CC01259D07 /* AppVersionTests.swift */,
				EC4993DFF75F1841F7133CAB /* BurstInfoTests.swift */,
				0D5A466D688C56DC216FD9F2 /* SessionStoreTests.swift */,
				276987977DAC0D01A4F76DD8 /* SwipeSessionTests.swift */,
			);
			path = PhotoSwipeTests;
			sourceTree = "<group>";
		};
		E79EAACDAEB716487F29CC79 /* Services */ = {
			isa = PBXGroup;
			children = (
				A7CC3B98E19F1C00B601C3BD /* AssetImageLoader.swift */,
				6B5A7F13D68CE098493F3890 /* AssetVideoPlayer.swift */,
				C936CEB8131E36288FBA0D48 /* PhotoLibraryService.swift */,
				5474283F3428A323C8136A87 /* SessionStore.swift */,
			);
			path = Services;
			sourceTree = "<group>";
		};
		EA90F5E966AD4112BE5588AD /* Products */ = {
			isa = PBXGroup;
			children = (
				2981107A74443087108E74FA /* PhotoSwipe.app */,
				EACF1C407BEFEE7A9485AD45 /* PhotoSwipeMac.app */,
				1BE01F83ED0C1A08D871DF54 /* PhotoSwipeTests.xctest */,
				880E8A73FCAA89BB0F0784C3 /* PhotoSwipeUITests.xctest */,
			);
			name = Products;
			sourceTree = "<group>";
		};
		F0FCDECE3AE15E58A5668991 /* PhotoSwipeUITests */ = {
			isa = PBXGroup;
			children = (
				6BB98F4D306E1E291D5AB55C /* PhotoSwipeUITests.swift */,
			);
			path = PhotoSwipeUITests;
			sourceTree = "<group>";
		};
/* End PBXGroup section */

/* Begin PBXNativeTarget section */
		2249872D449FBAA009ACA093 /* PhotoSwipeMac */ = {
			isa = PBXNativeTarget;
			buildConfigurationList = D1DBEDDB63BC05D8CE2FC7BB /* Build configuration list for PBXNativeTarget "PhotoSwipeMac" */;
			buildPhases = (
				F0C1128AC63E31D8EFEF62DE /* Sources */,
				24FCE4535727E5C4A1D5A264 /* Resources */,
			);
			buildRules = (
			);
			dependencies = (
			);
			name = PhotoSwipeMac;
			packageProductDependencies = (
			);
			productName = PhotoSwipeMac;
			productReference = EACF1C407BEFEE7A9485AD45 /* PhotoSwipeMac.app */;
			productType = "com.apple.product-type.application";
		};
		24F5DFBDA8E50776AC53BBB1 /* PhotoSwipe */ = {
			isa = PBXNativeTarget;
			buildConfigurationList = FAE6EA967A0E00DA59481ED3 /* Build configuration list for PBXNativeTarget "PhotoSwipe" */;
			buildPhases = (
				B8C7496907E27492C0218F73 /* Sources */,
				E763B48F7C8560E17E923F58 /* Resources */,
			);
			buildRules = (
			);
			dependencies = (
			);
			name = PhotoSwipe;
			packageProductDependencies = (
			);
			productName = PhotoSwipe;
			productReference = 2981107A74443087108E74FA /* PhotoSwipe.app */;
			productType = "com.apple.product-type.application";
		};
		49F24E38B5D2641C3DF5C9D6 /* PhotoSwipeTests */ = {
			isa = PBXNativeTarget;
			buildConfigurationList = F7404CDE708A79BA75F9AB3F /* Build configuration list for PBXNativeTarget "PhotoSwipeTests" */;
			buildPhases = (
				5C80610B6BE5C68C79FB37B7 /* Sources */,
			);
			buildRules = (
			);
			dependencies = (
				7E16FE72E0524E80AA1E6646 /* PBXTargetDependency */,
			);
			name = PhotoSwipeTests;
			packageProductDependencies = (
			);
			productName = PhotoSwipeTests;
			productReference = 1BE01F83ED0C1A08D871DF54 /* PhotoSwipeTests.xctest */;
			productType = "com.apple.product-type.bundle.unit-test";
		};
		AEC3796CAA4B6625A276F054 /* PhotoSwipeUITests */ = {
			isa = PBXNativeTarget;
			buildConfigurationList = 3C479CF74D1A644677136444 /* Build configuration list for PBXNativeTarget "PhotoSwipeUITests" */;
			buildPhases = (
				29B08C8B63EDE4CD76795B1D /* Sources */,
			);
			buildRules = (
			);
			dependencies = (
				E5EDA36A681398D336763D35 /* PBXTargetDependency */,
			);
			name = PhotoSwipeUITests;
			packageProductDependencies = (
			);
			productName = PhotoSwipeUITests;
			productReference = 880E8A73FCAA89BB0F0784C3 /* PhotoSwipeUITests.xctest */;
			productType = "com.apple.product-type.bundle.ui-testing";
		};
/* End PBXNativeTarget section */

/* Begin PBXProject section */
		3DD724C54FDA23DFE126177A /* Project object */ = {
			isa = PBXProject;
			attributes = {
				BuildIndependentTargetsInParallel = YES;
				LastUpgradeCheck = 1430;
				TargetAttributes = {
					2249872D449FBAA009ACA093 = {
						DevelopmentTeam = B89YM4B72X;
						ProvisioningStyle = Automatic;
					};
					24F5DFBDA8E50776AC53BBB1 = {
						DevelopmentTeam = B89YM4B72X;
						ProvisioningStyle = Automatic;
					};
					49F24E38B5D2641C3DF5C9D6 = {
						DevelopmentTeam = B89YM4B72X;
						ProvisioningStyle = Automatic;
					};
					AEC3796CAA4B6625A276F054 = {
						DevelopmentTeam = B89YM4B72X;
						ProvisioningStyle = Automatic;
						TestTargetID = 24F5DFBDA8E50776AC53BBB1;
					};
				};
			};
			buildConfigurationList = 3D20D20FDA0D886C06A38B5F /* Build configuration list for PBXProject "PhotoSwipe" */;
			developmentRegion = en;
			hasScannedForEncodings = 0;
			knownRegions = (
				Base,
				en,
			);
			mainGroup = AD84336B9B40C589EAEBC35F;
			minimizedProjectReferenceProxies = 1;
			preferredProjectObjectVersion = 77;
			productRefGroup = EA90F5E966AD4112BE5588AD /* Products */;
			projectDirPath = "";
			projectRoot = "";
			targets = (
				24F5DFBDA8E50776AC53BBB1 /* PhotoSwipe */,
				2249872D449FBAA009ACA093 /* PhotoSwipeMac */,
				49F24E38B5D2641C3DF5C9D6 /* PhotoSwipeTests */,
				AEC3796CAA4B6625A276F054 /* PhotoSwipeUITests */,
			);
		};
/* End PBXProject section */

/* Begin PBXResourcesBuildPhase section */
		24FCE4535727E5C4A1D5A264 /* Resources */ = {
			isa = PBXResourcesBuildPhase;
			buildActionMask = 2147483647;
			files = (
				7CABA4B824B2F920A6F099F5 /* Assets.xcassets in Resources */,
			);
			runOnlyForDeploymentPostprocessing = 0;
		};
		E763B48F7C8560E17E923F58 /* Resources */ = {
			isa = PBXResourcesBuildPhase;
			buildActionMask = 2147483647;
			files = (
				485311E8F87ACD436A22CD47 /* Assets.xcassets in Resources */,
			);
			runOnlyForDeploymentPostprocessing = 0;
		};
/* End PBXResourcesBuildPhase section */

/* Begin PBXSourcesBuildPhase section */
		29B08C8B63EDE4CD76795B1D /* Sources */ = {
			isa = PBXSourcesBuildPhase;
			buildActionMask = 2147483647;
			files = (
				1CF52CD671085689A678DA43 /* PhotoSwipeUITests.swift in Sources */,
			);
			runOnlyForDeploymentPostprocessing = 0;
		};
		5C80610B6BE5C68C79FB37B7 /* Sources */ = {
			isa = PBXSourcesBuildPhase;
			buildActionMask = 2147483647;
			files = (
				BD43415B31025660B56A4840 /* AppVersionTests.swift in Sources */,
				FC36357FEA4D3323C3BFF87B /* BurstInfoTests.swift in Sources */,
				66A0994947D469BB9A585C06 /* SessionStoreTests.swift in Sources */,
				D6DB842353F6F7CA9B935087 /* SwipeSessionTests.swift in Sources */,
			);
			runOnlyForDeploymentPostprocessing = 0;
		};
		B8C7496907E27492C0218F73 /* Sources */ = {
			isa = PBXSourcesBuildPhase;
			buildActionMask = 2147483647;
			files = (
				0D00215E9FD306BE148F97CA /* AppModel.swift in Sources */,
				F030DB111470CB5A8E880801 /* AppVersion.swift in Sources */,
				CE2724B70EAF094BA4C7BAB5 /* AssetImageLoader.swift in Sources */,
				C70E56E134164EB277EA7C62 /* AssetImageView.swift in Sources */,
				ECC2C6B6A2532711208EFFDC /* AssetMediaView.swift in Sources */,
				D2089997499CFB7893960CA1 /* AssetVideoPlayer.swift in Sources */,
				F38A4CAD3A740E2CAA71852E /* BurstInfo.swift in Sources */,
				5DF07DB3B9C2F7466DD0E3D7 /* HomeView.swift in Sources */,
				04D2CB040080EA9613C8A375 /* PhotoLibraryService.swift in Sources */,
				1BBB0D70412A5C1396DB8A00 /* PhotoSwipeApp.swift in Sources */,
				02A1ED470862FE64FB17D6A5 /* Platform.swift in Sources */,
				26195EC7A5EACBEE477AA53A /* PlayerLayerView.swift in Sources */,
				74D5AAE8467744EB7A0D5466 /* ReviewView.swift in Sources */,
				8B2EF0DFB907C210D0743DE3 /* SessionStore.swift in Sources */,
				05B5174427AEF3A752FB2DBF /* StartPickerView.swift in Sources */,
				27AF102C6874CB957FB1BF04 /* SwipeDecision.swift in Sources */,
				61337FCB02745F56837E5EA7 /* SwipeSession.swift in Sources */,
				786AFDDC76258202A2E0AC90 /* SwipeView.swift in Sources */,
				486ABA77ECD6BA2F1CF61784 /* Theme.swift in Sources */,
				7F453079C9F3C188C941D939 /* VideoControlsView.swift in Sources */,
			);
			runOnlyForDeploymentPostprocessing = 0;
		};
		F0C1128AC63E31D8EFEF62DE /* Sources */ = {
			isa = PBXSourcesBuildPhase;
			buildActionMask = 2147483647;
			files = (
				2FE8A04DA883DBCE6FCDA9EA /* AppModel.swift in Sources */,
				B96924C9A6A6AC63C478D29B /* AppVersion.swift in Sources */,
				DC5073F1049691721FE53932 /* AssetImageLoader.swift in Sources */,
				4C0AD7D7939181D809D622AB /* AssetImageView.swift in Sources */,
				06DFC788BAF6D1BA8F61491D /* AssetMediaView.swift in Sources */,
				CBFA00FEA42BA8A246D6D44A /* AssetVideoPlayer.swift in Sources */,
				32B1980FBF2DCA2E34F6B653 /* BurstInfo.swift in Sources */,
				70D0A3F5A5C755964C9EE34E /* HomeView.swift in Sources */,
				9BBF40EE3659F87325AD577F /* PhotoLibraryService.swift in Sources */,
				E2A3515442A0DE43C65D2B13 /* PhotoSwipeApp.swift in Sources */,
				C38D61D2003312AF94BF91CD /* Platform.swift in Sources */,
				4DB8071921161ECCF4DB525F /* PlayerLayerView.swift in Sources */,
				CA3D68CA5262609EF3CB749F /* ReviewView.swift in Sources */,
				127FB5E1E90E171F004871BD /* SessionStore.swift in Sources */,
				0F1D2D6AC6C94CDD60187FFF /* StartPickerView.swift in Sources */,
				0E9494C623C5B09024091871 /* SwipeDecision.swift in Sources */,
				D8A8485572792AC9577DA524 /* SwipeSession.swift in Sources */,
				F06EEAD4C4ED7E60946C8102 /* SwipeView.swift in Sources */,
				32C53B1EC12609A84201115A /* Theme.swift in Sources */,
				CD00CAA8C99ACB459507AA0F /* UpdateChecker.swift in Sources */,
				BFD87DDD48F555D72268EEFD /* VideoControlsView.swift in Sources */,
			);
			runOnlyForDeploymentPostprocessing = 0;
		};
/* End PBXSourcesBuildPhase section */

/* Begin PBXTargetDependency section */
		7E16FE72E0524E80AA1E6646 /* PBXTargetDependency */ = {
			isa = PBXTargetDependency;
			target = 24F5DFBDA8E50776AC53BBB1 /* PhotoSwipe */;
			targetProxy = 8E91A18FB830D994CC0690E8 /* PBXContainerItemProxy */;
		};
		E5EDA36A681398D336763D35 /* PBXTargetDependency */ = {
			isa = PBXTargetDependency;
			target = 24F5DFBDA8E50776AC53BBB1 /* PhotoSwipe */;
			targetProxy = 4546C51DFBC3B39D10ACB371 /* PBXContainerItemProxy */;
		};
/* End PBXTargetDependency section */

/* Begin XCBuildConfiguration section */
		062D6011FA819017CB089EB4 /* Release */ = {
			isa = XCBuildConfiguration;
			buildSettings = {
				ASSETCATALOG_COMPILER_APPICON_NAME = AppIcon;
				CODE_SIGN_IDENTITY = "iPhone Developer";
				CURRENT_PROJECT_VERSION = 1;
				ENABLE_PREVIEWS = YES;
				INFOPLIST_FILE = PhotoSwipe/Resources/Info.plist;
				INFOPLIST_KEY_UIUserInterfaceStyle = Dark;
				LD_RUNPATH_SEARCH_PATHS = (
					"$(inherited)",
					"@executable_path/Frameworks",
				);
				PRODUCT_BUNDLE_IDENTIFIER = com.ryancwynar.PhotoSwipe;
				SDKROOT = iphoneos;
				TARGETED_DEVICE_FAMILY = 1;
			};
			name = Release;
		};
		0DC48ECB14BE0B8C677ED56F /* Debug */ = {
			isa = XCBuildConfiguration;
			buildSettings = {
				BUNDLE_LOADER = "$(TEST_HOST)";
				GENERATE_INFOPLIST_FILE = YES;
				LD_RUNPATH_SEARCH_PATHS = (
					"$(inherited)",
					"@executable_path/Frameworks",
					"@loader_path/Frameworks",
				);
				PRODUCT_BUNDLE_IDENTIFIER = com.ryancwynar.PhotoSwipeUITests;
				SDKROOT = iphoneos;
				TARGETED_DEVICE_FAMILY = "1,2";
				TEST_TARGET_NAME = PhotoSwipe;
			};
			name = Debug;
		};
		5E684ECF2008E30B5C5268AC /* Debug */ = {
			isa = XCBuildConfiguration;
			buildSettings = {
				ASSETCATALOG_COMPILER_APPICON_NAME = AppIcon;
				CODE_SIGN_IDENTITY = "iPhone Developer";
				CURRENT_PROJECT_VERSION = 1;
				ENABLE_PREVIEWS = YES;
				INFOPLIST_FILE = PhotoSwipe/Resources/Info.plist;
				INFOPLIST_KEY_UIUserInterfaceStyle = Dark;
				LD_RUNPATH_SEARCH_PATHS = (
					"$(inherited)",
					"@executable_path/Frameworks",
				);
				PRODUCT_BUNDLE_IDENTIFIER = com.ryancwynar.PhotoSwipe;
				SDKROOT = iphoneos;
				TARGETED_DEVICE_FAMILY = 1;
			};
			name = Debug;
		};
		6E2C3A8A34ABEF2A02E91660 /* Debug */ = {
			isa = XCBuildConfiguration;
			buildSettings = {
				BUNDLE_LOADER = "$(TEST_HOST)";
				GENERATE_INFOPLIST_FILE = YES;
				LD_RUNPATH_SEARCH_PATHS = (
					"$(inherited)",
					"@executable_path/Frameworks",
					"@loader_path/Frameworks",
				);
				PRODUCT_BUNDLE_IDENTIFIER = com.ryancwynar.PhotoSwipeTests;
				SDKROOT = iphoneos;
				TARGETED_DEVICE_FAMILY = "1,2";
				TEST_HOST = "$(BUILT_PRODUCTS_DIR)/PhotoSwipe.app/PhotoSwipe";
			};
			name = Debug;
		};
		75DF3A85C2EBD833794D0D00 /* Release */ = {
			isa = XCBuildConfiguration;
			buildSettings = {
				ALWAYS_SEARCH_USER_PATHS = NO;
				CLANG_ANALYZER_NONNULL = YES;
				CLANG_ANALYZER_NUMBER_OBJECT_CONVERSION = YES_AGGRESSIVE;
				CLANG_CXX_LANGUAGE_STANDARD = "gnu++14";
				CLANG_CXX_LIBRARY = "libc++";
				CLANG_ENABLE_MODULES = YES;
				CLANG_ENABLE_OBJC_ARC = YES;
				CLANG_ENABLE_OBJC_WEAK = YES;
				CLANG_WARN_BLOCK_CAPTURE_AUTORELEASING = YES;
				CLANG_WARN_BOOL_CONVERSION = YES;
				CLANG_WARN_COMMA = YES;
				CLANG_WARN_CONSTANT_CONVERSION = YES;
				CLANG_WARN_DEPRECATED_OBJC_IMPLEMENTATIONS = YES;
				CLANG_WARN_DIRECT_OBJC_ISA_USAGE = YES_ERROR;
				CLANG_WARN_DOCUMENTATION_COMMENTS = YES;
				CLANG_WARN_EMPTY_BODY = YES;
				CLANG_WARN_ENUM_CONVERSION = YES;
				CLANG_WARN_INFINITE_RECURSION = YES;
				CLANG_WARN_INT_CONVERSION = YES;
				CLANG_WARN_NON_LITERAL_NULL_CONVERSION = YES;
				CLANG_WARN_OBJC_IMPLICIT_RETAIN_SELF = YES;
				CLANG_WARN_OBJC_LITERAL_CONVERSION = YES;
				CLANG_WARN_OBJC_ROOT_CLASS = YES_ERROR;
				CLANG_WARN_QUOTED_INCLUDE_IN_FRAMEWORK_HEADER = YES;
				CLANG_WARN_RANGE_LOOP_ANALYSIS = YES;
				CLANG_WARN_STRICT_PROTOTYPES = YES;
				CLANG_WARN_SUSPICIOUS_MOVE = YES;
				CLANG_WARN_UNGUARDED_AVAILABILITY = YES_AGGRESSIVE;
				CLANG_WARN_UNREACHABLE_CODE = YES;
				CLANG_WARN__DUPLICATE_METHOD_MATCH = YES;
				CODE_SIGN_STYLE = Automatic;
				COPY_PHASE_STRIP = NO;
				DEBUG_INFORMATION_FORMAT = "dwarf-with-dsym";
				DEVELOPMENT_TEAM = B89YM4B72X;
				ENABLE_NS_ASSERTIONS = NO;
				ENABLE_STRICT_OBJC_MSGSEND = YES;
				GCC_C_LANGUAGE_STANDARD = gnu11;
				GCC_NO_COMMON_BLOCKS = YES;
				GCC_WARN_64_TO_32_BIT_CONVERSION = YES;
				GCC_WARN_ABOUT_RETURN_TYPE = YES_ERROR;
				GCC_WARN_UNDECLARED_SELECTOR = YES;
				GCC_WARN_UNINITIALIZED_AUTOS = YES_AGGRESSIVE;
				GCC_WARN_UNUSED_FUNCTION = YES;
				GCC_WARN_UNUSED_VARIABLE = YES;
				IPHONEOS_DEPLOYMENT_TARGET = 17.0;
				MARKETING_VERSION = 1.0.2;
				MTL_ENABLE_DEBUG_INFO = NO;
				MTL_FAST_MATH = YES;
				PRODUCT_NAME = "$(TARGET_NAME)";
				SWIFT_COMPILATION_MODE = wholemodule;
				SWIFT_OPTIMIZATION_LEVEL = "-O";
				SWIFT_VERSION = 5.0;
			};
			name = Release;
		};
		78796955BC6C99D6E4C6D147 /* Release */ = {
			isa = XCBuildConfiguration;
			buildSettings = {
				BUNDLE_LOADER = "$(TEST_HOST)";
				GENERATE_INFOPLIST_FILE = YES;
				LD_RUNPATH_SEARCH_PATHS = (
					"$(inherited)",
					"@executable_path/Frameworks",
					"@loader_path/Frameworks",
				);
				PRODUCT_BUNDLE_IDENTIFIER = com.ryancwynar.PhotoSwipeUITests;
				SDKROOT = iphoneos;
				TARGETED_DEVICE_FAMILY = "1,2";
				TEST_TARGET_NAME = PhotoSwipe;
			};
			name = Release;
		};
		A37CA9175F260CB30E9E24B8 /* Debug */ = {
			isa = XCBuildConfiguration;
			buildSettings = {
				ASSETCATALOG_COMPILER_APPICON_NAME = AppIcon;
				CODE_SIGN_ENTITLEMENTS = PhotoSwipeMac/PhotoSwipeMac.entitlements;
				COMBINE_HIDPI_IMAGES = YES;
				CURRENT_PROJECT_VERSION = 1;
				ENABLE_HARDENED_RUNTIME = YES;
				ENABLE_PREVIEWS = YES;
				INFOPLIST_FILE = PhotoSwipeMac/Info.plist;
				LD_RUNPATH_SEARCH_PATHS = (
					"$(inherited)",
					"@executable_path/../Frameworks",
				);
				MACOSX_DEPLOYMENT_TARGET = 14.0;
				PRODUCT_BUNDLE_IDENTIFIER = com.ryancwynar.PhotoSwipe;
				PRODUCT_NAME = PhotoSwipe;
				SDKROOT = macosx;
			};
			name = Debug;
		};
		D7E30301FBF37DBCE1997861 /* Debug */ = {
			isa = XCBuildConfiguration;
			buildSettings = {
				ALWAYS_SEARCH_USER_PATHS = NO;
				CLANG_ANALYZER_NONNULL = YES;
				CLANG_ANALYZER_NUMBER_OBJECT_CONVERSION = YES_AGGRESSIVE;
				CLANG_CXX_LANGUAGE_STANDARD = "gnu++14";
				CLANG_CXX_LIBRARY = "libc++";
				CLANG_ENABLE_MODULES = YES;
				CLANG_ENABLE_OBJC_ARC = YES;
				CLANG_ENABLE_OBJC_WEAK = YES;
				CLANG_WARN_BLOCK_CAPTURE_AUTORELEASING = YES;
				CLANG_WARN_BOOL_CONVERSION = YES;
				CLANG_WARN_COMMA = YES;
				CLANG_WARN_CONSTANT_CONVERSION = YES;
				CLANG_WARN_DEPRECATED_OBJC_IMPLEMENTATIONS = YES;
				CLANG_WARN_DIRECT_OBJC_ISA_USAGE = YES_ERROR;
				CLANG_WARN_DOCUMENTATION_COMMENTS = YES;
				CLANG_WARN_EMPTY_BODY = YES;
				CLANG_WARN_ENUM_CONVERSION = YES;
				CLANG_WARN_INFINITE_RECURSION = YES;
				CLANG_WARN_INT_CONVERSION = YES;
				CLANG_WARN_NON_LITERAL_NULL_CONVERSION = YES;
				CLANG_WARN_OBJC_IMPLICIT_RETAIN_SELF = YES;
				CLANG_WARN_OBJC_LITERAL_CONVERSION = YES;
				CLANG_WARN_OBJC_ROOT_CLASS = YES_ERROR;
				CLANG_WARN_QUOTED_INCLUDE_IN_FRAMEWORK_HEADER = YES;
				CLANG_WARN_RANGE_LOOP_ANALYSIS = YES;
				CLANG_WARN_STRICT_PROTOTYPES = YES;
				CLANG_WARN_SUSPICIOUS_MOVE = YES;
				CLANG_WARN_UNGUARDED_AVAILABILITY = YES_AGGRESSIVE;
				CLANG_WARN_UNREACHABLE_CODE = YES;
				CLANG_WARN__DUPLICATE_METHOD_MATCH = YES;
				CODE_SIGN_STYLE = Automatic;
				COPY_PHASE_STRIP = NO;
				DEBUG_INFORMATION_FORMAT = dwarf;
				DEVELOPMENT_TEAM = B89YM4B72X;
				ENABLE_STRICT_OBJC_MSGSEND = YES;
				ENABLE_TESTABILITY = YES;
				GCC_C_LANGUAGE_STANDARD = gnu11;
				GCC_DYNAMIC_NO_PIC = NO;
				GCC_NO_COMMON_BLOCKS = YES;
				GCC_OPTIMIZATION_LEVEL = 0;
				GCC_PREPROCESSOR_DEFINITIONS = (
					"$(inherited)",
					"DEBUG=1",
				);
				GCC_WARN_64_TO_32_BIT_CONVERSION = YES;
				GCC_WARN_ABOUT_RETURN_TYPE = YES_ERROR;
				GCC_WARN_UNDECLARED_SELECTOR = YES;
				GCC_WARN_UNINITIALIZED_AUTOS = YES_AGGRESSIVE;
				GCC_WARN_UNUSED_FUNCTION = YES;
				GCC_WARN_UNUSED_VARIABLE = YES;
				IPHONEOS_DEPLOYMENT_TARGET = 17.0;
				MARKETING_VERSION = 1.0.2;
				MTL_ENABLE_DEBUG_INFO = INCLUDE_SOURCE;
				MTL_FAST_MATH = YES;
				ONLY_ACTIVE_ARCH = YES;
				PRODUCT_NAME = "$(TARGET_NAME)";
				SWIFT_ACTIVE_COMPILATION_CONDITIONS = DEBUG;
				SWIFT_OPTIMIZATION_LEVEL = "-Onone";
				SWIFT_VERSION = 5.0;
			};
			name = Debug;
		};
		EC7C75C27F06FE4A77B1D175 /* Release */ = {
			isa = XCBuildConfiguration;
			buildSettings = {
				BUNDLE_LOADER = "$(TEST_HOST)";
				GENERATE_INFOPLIST_FILE = YES;
				LD_RUNPATH_SEARCH_PATHS = (
					"$(inherited)",
					"@executable_path/Frameworks",
					"@loader_path/Frameworks",
				);
				PRODUCT_BUNDLE_IDENTIFIER = com.ryancwynar.PhotoSwipeTests;
				SDKROOT = iphoneos;
				TARGETED_DEVICE_FAMILY = "1,2";
				TEST_HOST = "$(BUILT_PRODUCTS_DIR)/PhotoSwipe.app/PhotoSwipe";
			};
			name = Release;
		};
		F8EC8A705E14E12B7DB4097F /* Release */ = {
			isa = XCBuildConfiguration;
			buildSettings = {
				ASSETCATALOG_COMPILER_APPICON_NAME = AppIcon;
				CODE_SIGN_ENTITLEMENTS = PhotoSwipeMac/PhotoSwipeMac.entitlements;
				COMBINE_HIDPI_IMAGES = YES;
				CURRENT_PROJECT_VERSION = 1;
				ENABLE_HARDENED_RUNTIME = YES;
				ENABLE_PREVIEWS = YES;
				INFOPLIST_FILE = PhotoSwipeMac/Info.plist;
				LD_RUNPATH_SEARCH_PATHS = (
					"$(inherited)",
					"@executable_path/../Frameworks",
				);
				MACOSX_DEPLOYMENT_TARGET = 14.0;
				PRODUCT_BUNDLE_IDENTIFIER = com.ryancwynar.PhotoSwipe;
				PRODUCT_NAME = PhotoSwipe;
				SDKROOT = macosx;
			};
			name = Release;
		};
/* End XCBuildConfiguration section */

/* Begin XCConfigurationList section */
		3C479CF74D1A644677136444 /* Build configuration list for PBXNativeTarget "PhotoSwipeUITests" */ = {
			isa = XCConfigurationList;
			buildConfigurations = (
				0DC48ECB14BE0B8C677ED56F /* Debug */,
				78796955BC6C99D6E4C6D147 /* Release */,
			);
			defaultConfigurationIsVisible = 0;
			defaultConfigurationName = Debug;
		};
		3D20D20FDA0D886C06A38B5F /* Build configuration list for PBXProject "PhotoSwipe" */ = {
			isa = XCConfigurationList;
			buildConfigurations = (
				D7E30301FBF37DBCE1997861 /* Debug */,
				75DF3A85C2EBD833794D0D00 /* Release */,
			);
			defaultConfigurationIsVisible = 0;
			defaultConfigurationName = Debug;
		};
		D1DBEDDB63BC05D8CE2FC7BB /* Build configuration list for PBXNativeTarget "PhotoSwipeMac" */ = {
			isa = XCConfigurationList;
			buildConfigurations = (
				A37CA9175F260CB30E9E24B8 /* Debug */,
				F8EC8A705E14E12B7DB4097F /* Release */,
			);
			defaultConfigurationIsVisible = 0;
			defaultConfigurationName = Debug;
		};
		F7404CDE708A79BA75F9AB3F /* Build configuration list for PBXNativeTarget "PhotoSwipeTests" */ = {
			isa = XCConfigurationList;
			buildConfigurations = (
				6E2C3A8A34ABEF2A02E91660 /* Debug */,
				EC7C75C27F06FE4A77B1D175 /* Release */,
			);
			defaultConfigurationIsVisible = 0;
			defaultConfigurationName = Debug;
		};
		FAE6EA967A0E00DA59481ED3 /* Build configuration list for PBXNativeTarget "PhotoSwipe" */ = {
			isa = XCConfigurationList;
			buildConfigurations = (
				5E684ECF2008E30B5C5268AC /* Debug */,
				062D6011FA819017CB089EB4 /* Release */,
			);
			defaultConfigurationIsVisible = 0;
			defaultConfigurationName = Debug;
		};
/* End XCConfigurationList section */
	};
	rootObject = 3DD724C54FDA23DFE126177A /* Project object */;
}
